// !$*UTF8*$!
{
	archiveVersion = 1;
	classes = {
	};
	objectVersion = 46;
	objects = {

/* Begin PBXBuildFile section */
		C9A5E47F1D7584C100372859 /* AppDelegate.swift in Sources */ = {isa = PBXBuildFile; fileRef = C9A5E47E1D7584C100372859 /* AppDelegate.swift */; };
		C9A5E4811D7584C100372859 /* ViewController.swift in Sources */ = {isa = PBXBuildFile; fileRef = C9A5E4801D7584C100372859 /* ViewController.swift */; };
		C9A5E4841D7584C100372859 /* Main.storyboard in Resources */ = {isa = PBXBuildFile; fileRef = C9A5E4821D7584C100372859 /* Main.storyboard */; };
		C9A5E4861D7584C100372859 /* Assets.xcassets in Resources */ = {isa = PBXBuildFile; fileRef = C9A5E4851D7584C100372859 /* Assets.xcassets */; };
		C9A5E4891D7584C100372859 /* LaunchScreen.storyboard in Resources */ = {isa = PBXBuildFile; fileRef = C9A5E4871D7584C100372859 /* LaunchScreen.storyboard */; };
		C9A5E4931D75854E00372859 /* UIColor Utility.swift in Sources */ = {isa = PBXBuildFile; fileRef = C9A5E4921D75854E00372859 /* UIColor Utility.swift */; };
		C9A5E4951D75858900372859 /* WigglySpin.swift in Sources */ = {isa = PBXBuildFile; fileRef = C9A5E4941D75858900372859 /* WigglySpin.swift */; };
/* End PBXBuildFile section */

/* Begin PBXFileReference section */
		C9A5E47B1D7584C000372859 /* FluidLoader.app */ = {isa = PBXFileReference; explicitFileType = wrapper.application; includeInIndex = 0; path = FluidLoader.app; sourceTree = BUILT_PRODUCTS_DIR; };
		C9A5E47E1D7584C100372859 /* AppDelegate.swift */ = {isa = PBXFileReference; lastKnownFileType = sourcecode.swift; path = AppDelegate.swift; sourceTree = "<group>"; };
		C9A5E4801D7584C100372859 /* ViewController.swift */ = {isa = PBXFileReference; lastKnownFileType = sourcecode.swift; path = ViewController.swift; sourceTree = "<group>"; };
		C9A5E4831D7584C100372859 /* Base */ = {isa = PBXFileReference; lastKnownFileType = file.storyboard; name = Base; path = Base.lproj/Main.storyboard; sourceTree = "<group>"; };
		C9A5E4851D7584C100372859 /* Assets.xcassets */ = {isa = PBXFileReference; lastKnownFileType = folder.assetcatalog; path = Assets.xcassets; sourceTree = "<group>"; };
		C9A5E4881D7584C100372859 /* Base */ = {isa = PBXFileReference; lastKnownFileType = file.storyboard; name = Base; path = Base.lproj/LaunchScreen.storyboard; sourceTree = "<group>"; };
		C9A5E48A1D7584C100372859 /* Info.plist */ = {isa = PBXFileReference; lastKnownFileType = text.plist.xml; path = Info.plist; sourceTree = "<group>"; };
		C9A5E4921D75854E00372859 /* UIColor Utility.swift */ = {isa = PBXFileReference; fileEncoding = 4; lastKnownFileType = sourcecode.swift; path = "UIColor Utility.swift"; sourceTree = "<group>"; };
		C9A5E4941D75858900372859 /* WigglySpin.swift */ = {isa = PBXFileReference; fileEncoding = 4; lastKnownFileType = sourcecode.swift; path = WigglySpin.swift; sourceTree = "<group>"; };
/* End PBXFileReference section */

/* Begin PBXFrameworksBuildPhase section */
		C9A5E4781D7584C000372859 /* Frameworks */ = {
			isa = PBXFrameworksBuildPhase;
			buildActionMask = 2147483647;
			files = (
			);
			runOnlyForDeploymentPostprocessing = 0;
		};
/* End PBXFrameworksBuildPhase section */

/* Begin PBXGroup section */
		C9A5E4721D7584C000372859 = {
			isa = PBXGroup;
			children = (
				C9A5E47D1D7584C100372859 /* FluidLoader */,
				C9A5E47C1D7584C000372859 /* Products */,
			);
			sourceTree = "<group>";
		};
		C9A5E47C1D7584C000372859 /* Products */ = {
			isa = PBXGroup;
			children = (
				C9A5E47B1D7584C000372859 /* FluidLoader.app */,
			);
			name = Products;
			sourceTree = "<group>";
		};
		C9A5E47D1D7584C100372859 /* FluidLoader */ = {
			isa = PBXGroup;
			children = (
				C9A5E47E1D7584C100372859 /* AppDelegate.swift */,
				C9A5E4921D75854E00372859 /* UIColor Utility.swift */,
				C9A5E4941D75858900372859 /* WigglySpin.swift */,
				C9A5E4801D7584C100372859 /* ViewController.swift */,
				C9A5E4821D7584C100372859 /* Main.storyboard */,
				C9A5E4851D7584C100372859 /* Assets.xcassets */,
				C9A5E4871D7584C100372859 /* LaunchScreen.storyboard */,
				C9A5E48A1D7584C100372859 /* Info.plist */,
			);
			path = FluidLoader;
			sourceTree = "<group>";
		};
/* End PBXGroup section */

/* Begin PBXNativeTarget section */
		C9A5E47A1D7584C000372859 /* FluidLoader */ = {
			isa = PBXNativeTarget;
			buildConfigurationList = C9A5E48D1D7584C100372859 /* Build configuration list for PBXNativeTarget "FluidLoader" */;
			buildPhases = (
				C9A5E4771D7584C000372859 /* Sources */,
				C9A5E4781D7584C000372859 /* Frameworks */,
				C9A5E4791D7584C000372859 /* Resources */,
			);
			buildRules = (
			);
			dependencies = (
			);
			name = FluidLoader;
			productName = FluidLoader;
			productReference = C9A5E47B1D7584C000372859 /* FluidLoader.app */;
			productType = "com.apple.product-type.application";
		};
/* End PBXNativeTarget section */

/* Begin PBXProject section */
		C9A5E4731D7584C000372859 /* Project object */ = {
			isa = PBXProject;
			attributes = {
				LastSwiftUpdateCheck = 0730;
				LastUpgradeCheck = 0730;
				ORGANIZATIONNAME = Vishal;
				TargetAttributes = {
					C9A5E47A1D7584C000372859 = {
						CreatedOnToolsVersion = 7.3;
					};
				};
			};
			buildConfigurationList = C9A5E4761D7584C000372859 /* Build configuration list for PBXProject "FluidLoader" */;
			compatibilityVersion = "Xcode 3.2";
			developmentRegion = English;
			hasScannedForEncodings = 0;
			knownRegions = (
				en,
				Base,
			);
			mainGroup = C9A5E4721D7584C000372859;
			productRefGroup = C9A5E47C1D7584C000372859 /* Products */;
			projectDirPath = "";
			projectRoot = "";
			targets = (
				C9A5E47A1D7584C000372859 /* FluidLoader */,
			);
		};
/* End PBXProject section */

/* Begin PBXResourcesBuildPhase section */
		C9A5E4791D7584C000372859 /* Resources */ = {
			isa = PBXResourcesBuildPhase;
			buildActionMask = 2147483647;
			files = (
				C9A5E4891D7584C100372859 /* LaunchScreen.storyboard in Resources */,
				C9A5E4861D7584C100372859 /* Assets.xcassets in Resources */,
				C9A5E4841D7584C100372859 /* Main.storyboard in Resources */,
			);
			runOnlyForDeploymentPostprocessing = 0;
		};
/* End PBXResourcesBuildPhase section */

/* Begin PBXSourcesBuildPhase section */
		C9A5E4771D7584C000372859 /* Sources */ = {
			isa = PBXSourcesBuildPhase;
			buildActionMask = 2147483647;
			files = (
				C9A5E4951D75858900372859 /* WigglySpin.swift in Sources */,
				C9A5E4811D7584C100372859 /* ViewController.swift in Sources */,
				C9A5E47F1D7584C100372859 /* AppDelegate.swift in Sources */,
				C9A5E4931D75854E00372859 /* UIColor Utility.swift in Sources */,
			);
			runOnlyForDeploymentPostprocessing = 0;
		};
/* End PBXSourcesBuildPhase section */

/* Begin PBXVariantGroup section */
		C9A5E4821D7584C100372859 /* Main.storyboard */ = {
			isa = PBXVariantGroup;
			children = (
				C9A5E4831D7584C100372859 /* Base */,
			);
			name = Main.storyboard;
			sourceTree = "<group>";
		};
		C9A5E4871D7584C100372859 /* LaunchScreen.storyboard */ = {
			isa = PBXVariantGroup;
			children = (
				C9A5E4881D7584C100372859 /* Base */,
			);
			name = LaunchScreen.storyboard;
			sourceTree = "<group>";
		};
/* End PBXVariantGroup section */

/* Begin XCBuildConfiguration section */
		C9A5E48B1D7584C100372859 /* Debug */ = {
			isa = XCBuildConfiguration;
			buildSettings = {
				ALWAYS_SEARCH_USER_PATHS = NO;
				CLANG_ANALYZER_NONNULL = YES;
				CLANG_CXX_LANGUAGE_STANDARD = "gnu++0x";
				CLANG_CXX_LIBRARY = "libc++";
				CLANG_ENABLE_MODULES = YES;
				CLANG_ENABLE_OBJC_ARC = YES;
				CLANG_WARN_BOOL_CONVERSION = YES;
				CLANG_WARN_CONSTANT_CONVERSION = YES;
				CLANG_WARN_DIRECT_OBJC_ISA_USAGE = YES_ERROR;
				CLANG_WARN_EMPTY_BODY = YES;
				CLANG_WARN_ENUM_CONVERSION = YES;
				CLANG_WARN_INT_CONVERSION = YES;
				CLANG_WARN_OBJC_ROOT_CLASS = YES_ERROR;
				CLANG_WARN_UNREACHABLE_CODE = YES;
				CLANG_WARN__DUPLICATE_METHOD_MATCH = YES;
				"CODE_SIGN_IDENTITY[sdk=iphoneos*]" = "iPhone Developer";
				COPY_PHASE_STRIP = NO;
				DEBUG_INFORMATION_FORMAT = dwarf;
				ENABLE_STRICT_OBJC_MSGSEND = YES;
				ENABLE_TESTABILITY = YES;
				GCC_C_LANGUAGE_STANDARD = gnu99;
				GCC_DYNAMIC_NO_PIC = NO;
				GCC_NO_COMMON_BLOCKS = YES;
				GCC_OPTIMIZATION_LEVEL = 0;
				GCC_PREPROCESSOR_DEFINITIONS = (
					"DEBUG=1",
					"$(inherited)",
				);
				GCC_WARN_64_TO_32_BIT_CONVERSION = YES;
				GCC_WARN_ABOUT_RETURN_TYPE = YES_ERROR;
				GCC_WARN_UNDECLARED_SELECTOR = YES;
				GCC_WARN_UNINITIALIZED_AUTOS = YES_AGGRESSIVE;
				GCC_WARN_UNUSED_FUNCTION = YES;
				GCC_WARN_UNUSED_VARIABLE = YES;
				IPHONEOS_DEPLOYMENT_TARGET = 9.3;
				MTL_ENABLE_DEBUG_INFO = YES;
				ONLY_ACTIVE_ARCH = YES;
				SDKROOT = iphoneos;
				SWIFT_OPTIMIZATION_LEVEL = "-Onone";
				TARGETED_DEVICE_FAMILY = "1,2";
			};
			name = Debug;
		};
		C9A5E48C1D7584C100372859 /* Release */ = {
			isa = XCBuildConfiguration;
			buildSettings = {
				ALWAYS_SEARCH_USER_PATHS = NO;
				CLANG_ANALYZER_NONNULL = YES;
				CLANG_CXX_LANGUAGE_STANDARD = "gnu++0x";
				CLANG_CXX_LIBRARY = "libc++";
				CLANG_ENABLE_MODULES = YES;
				CLANG_ENABLE_OBJC_ARC = YES;
				CLANG_WARN_BOOL_CONVERSION = YES;
				CLANG_WARN_CONSTANT_CONVERSION = YES;
				CLANG_WARN_DIRECT_OBJC_ISA_USAGE = YES_ERROR;
				CLANG_WARN_EMPTY_BODY = YES;
				CLANG_WARN_ENUM_CONVERSION = YES;
				CLANG_WARN_INT_CONVERSION = YES;
				CLANG_WARN_OBJC_ROOT_CLASS = YES_ERROR;
				CLANG_WARN_UNREACHABLE_CODE = YES;
				CLANG_WARN__DUPLICATE_METHOD_MATCH = YES;
				"CODE_SIGN_IDENTITY[sdk=iphoneos*]" = "iPhone Developer";
				COPY_PHASE_STRIP = NO;
				DEBUG_INFORMATION_FORMAT = "dwarf-with-dsym";
				ENABLE_NS_ASSERTIONS = NO;
				ENABLE_STRICT_OBJC_MSGSEND = YES;
				GCC_C_LANGUAGE_STANDARD = gnu99;
				GCC_NO_COMMON_BLOCKS = YES;
				GCC_WARN_64_TO_32_BIT_CONVERSION = YES;
				GCC_WARN_ABOUT_RETURN_TYPE = YES_ERROR;
				GCC_WARN_UNDECLARED_SELECTOR = YES;
				GCC_WARN_UNINITIALIZED_AUTOS = YES_AGGRESSIVE;
				GCC_WARN_UNUSED_FUNCTION = YES;
				GCC_WARN_UNUSED_VARIABLE = YES;
				IPHONEOS_DEPLOYMENT_TARGET = 9.3;
				MTL_ENABLE_DEBUG_INFO = NO;
				SDKROOT = iphoneos;
				TARGETED_DEVICE_FAMILY = "1,2";
				VALIDATE_PRODUCT = YES;
			};
			name = Release;
		};
		C9A5E48E1D7584C100372859 /* Debug */ = {
			isa = XCBuildConfiguration;
			buildSettings = {
				ASSETCATALOG_COMPILER_APPICON_NAME = AppIcon;
				INFOPLIST_FILE = FluidLoader/Info.plist;
				LD_RUNPATH_SEARCH_PATHS = "$(inherited) @executable_path/Frameworks";
				PRODUCT_BUNDLE_IDENTIFIER = Vishal.FluidLoader;
				PRODUCT_NAME = "$(TARGET_NAME)";
			};
			name = Debug;
		};
		C9A5E48F1D7584C100372859 /* Release */ = {
			isa = XCBuildConfiguration;
			buildSettings = {
				ASSETCATALOG_COMPILER_APPICON_NAME = AppIcon;
				INFOPLIST_FILE = FluidLoader/Info.plist;
				LD_RUNPATH_SEARCH_PATHS = "$(inherited) @executable_path/Frameworks";
				PRODUCT_BUNDLE_IDENTIFIER = Vishal.FluidLoader;
				PRODUCT_NAME = "$(TARGET_NAME)";
			};
			name = Release;
		};
/* End XCBuildConfiguration section */

/* Begin XCConfigurationList section */
		C9A5E4761D7584C000372859 /* Build configuration list for PBXProject "FluidLoader" */ = {
			isa = XCConfigurationList;
			buildConfigurations = (
				C9A5E48B1D7584C100372859 /* Debug */,
				C9A5E48C1D7584C100372859 /* Release */,
			);
			defaultConfigurationIsVisible = 0;
			defaultConfigurationName = Release;
		};
		C9A5E48D1D7584C100372859 /* Build configuration list for PBXNativeTarget "FluidLoader" */ = {
			isa = XCConfigurationList;
			buildConfigurations = (
				C9A5E48E1D7584C100372859 /* Debug */,
				C9A5E48F1D7584C100372859 /* Release */,
			);
			defaultConfigurationIsVisible = 0;
		};
/* End XCConfigurationList section */
	};
	rootObject = C9A5E4731D7584C000372859 /* Project object */;
}
